
Microsoft Visual Studio Solution File, Format Version 12.00
# Visual Studio Version 17
VisualStudioVersion = 17.8.34316.72
MinimumVisualStudioVersion = 10.0.40219.1
Project("{9A19103F-16F7-4668-BE54-9A1E7A4F7556}") = "Models", "Models\Models.csproj", "{506DCB59-0EA9-43F2-B3F4-2B05306D6F23}"
EndProject
Project("{9A19103F-16F7-4668-BE54-9A1E7A4F7556}") = "ViewModels", "ViewModels\ViewModels.csproj", "{BA78ABA2-DF68-4C0B-A14C-0F27BFE4E6C2}"
EndProject
Project("{9A19103F-16F7-4668-BE54-9A1E7A4F7556}") = "ModelsTests", "ModelsTests\ModelsTests.csproj", "{C4B6C429-6C06-4AC8-BDE3-B6C95094DE67}"
EndProject
Project("{9A19103F-16F7-4668-BE54-9A1E7A4F7556}") = "ViewModelsTests", "ViewModelsTests\ViewModelsTests.csproj", "{20B86122-EB4C-4DD1-AFF5-5EE3DAA58BD0}"
EndProject
Project("{9A19103F-16F7-4668-BE54-9A1E7A4F7556}") = "MauiBlazor", "MauiBlazor\MauiBlazor.csproj", "{71A8BF1C-DD58-4105-BE0C-8A0036C66E27}"
EndProject
Global
	GlobalSection(SolutionConfigurationPlatforms) = preSolution
		Debug|Any CPU = Debug|Any CPU
		Release|Any CPU = Release|Any CPU
	EndGlobalSection
	GlobalSection(ProjectConfigurationPlatforms) = postSolution
		{506DCB59-0EA9-43F2-B3F4-2B05306D6F23}.Debug|Any CPU.ActiveCfg = Debug|Any CPU
		{506DCB59-0EA9-43F2-B3F4-2B05306D6F23}.Debug|Any CPU.Build.0 = Debug|Any CPU
		{506DCB59-0EA9-43F2-B3F4-2B05306D6F23}.Release|Any CPU.ActiveCfg = Release|Any CPU
		{506DCB59-0EA9-43F2-B3F4-2B05306D6F23}.Release|Any CPU.Build.0 = Release|Any CPU
		{BA78ABA2-DF68-4C0B-A14C-0F27BFE4E6C2}.Debug|Any CPU.ActiveCfg = Debug|Any CPU
		{BA78ABA2-DF68-4C0B-A14C-0F27BFE4E6C2}.Debug|Any CPU.Build.0 = Debug|Any CPU
		{BA78ABA2-DF68-4C0B-A14C-0F27BFE4E6C2}.Release|Any CPU.ActiveCfg = Release|Any CPU
		{BA78ABA2-DF68-4C0B-A14C-0F27BFE4E6C2}.Release|Any CPU.Build.0 = Release|Any CPU
		{C4B6C429-6C06-4AC8-BDE3-B6C95094DE67}.Debug|Any CPU.ActiveCfg = Debug|Any CPU
		{C4B6C429-6C06-4AC8-BDE3-B6C95094DE67}.Debug|Any CPU.Build.0 = Debug|Any CPU
		{C4B6C429-6C06-4AC8-BDE3-B6C95094DE67}.Release|Any CPU.ActiveCfg = Release|Any CPU
		{C4B6C429-6C06-4AC8-BDE3-B6C95094DE67}.Release|Any CPU.Build.0 = Release|Any CPU
		{20B86122-EB4C-4DD1-AFF5-5EE3DAA58BD0}.Debug|Any CPU.ActiveCfg = Debug|Any CPU
		{20B86122-EB4C-4DD1-AFF5-5EE3DAA58BD0}.Debug|Any CPU.Build.0 = Debug|Any CPU
		{20B86122-EB4C-4DD1-AFF5-5EE3DAA58BD0}.Release|Any CPU.ActiveCfg = Release|Any CPU
		{20B86122-EB4C-4DD1-AFF5-5EE3DAA58BD0}.Release|Any CPU.Build.0 = Release|Any CPU
		{71A8BF1C-DD58-4105-BE0C-8A0036C66E27}.Debug|Any CPU.ActiveCfg = Debug|Any CPU
		{71A8BF1C-DD58-4105-BE0C-8A0036C66E27}.Debug|Any CPU.Build.0 = Debug|Any CPU
		{71A8BF1C-DD58-4105-BE0C-8A0036C66E27}.Debug|Any CPU.Deploy.0 = Debug|Any CPU
		{71A8BF1C-DD58-4105-BE0C-8A0036C66E27}.Release|Any CPU.ActiveCfg = Release|Any CPU
		{71A8BF1C-DD58-4105-BE0C-8A0036C66E27}.Release|Any CPU.Build.0 = Release|Any CPU
		{71A8BF1C-DD58-4105-BE0C-8A0036C66E27}.Release|Any CPU.Deploy.0 = Release|Any CPU
	EndGlobalSection
	GlobalSection(SolutionProperties) = preSolution
		HideSolutionNode = FALSE
	EndGlobalSection
	GlobalSection(ExtensibilityGlobals) = postSolution
		SolutionGuid = {DB4775BE-BA7C-44D4-B71D-AD3DA45E9C6B}
	EndGlobalSection
EndGlobal
